// !$*UTF8*$!
{
	archiveVersion = 1;
	classes = {
	};
	objectVersion = 56;
	objects = {

/* Begin PBXBuildFile section */
		A719C9AA29EE82EB000921E7 /* LandmarksAppApp.swift in Sources */ = {isa = PBXBuildFile; fileRef = A719C9A929EE82EB000921E7 /* LandmarksAppApp.swift */; };
		A719C9AE29EE82EC000921E7 /* Assets.xcassets in Resources */ = {isa = PBXBuildFile; fileRef = A719C9AD29EE82EC000921E7 /* Assets.xcassets */; };
		A719C9B129EE82EC000921E7 /* Preview Assets.xcassets in Resources */ = {isa = PBXBuildFile; fileRef = A719C9B029EE82EC000921E7 /* Preview Assets.xcassets */; };
		A719C9BB29EE82EC000921E7 /* LandmarksAppTests.swift in Sources */ = {isa = PBXBuildFile; fileRef = A719C9BA29EE82EC000921E7 /* LandmarksAppTests.swift */; };
		A719C9C529EE82EC000921E7 /* LandmarksAppUITests.swift in Sources */ = {isa = PBXBuildFile; fileRef = A719C9C429EE82EC000921E7 /* LandmarksAppUITests.swift */; };
		A719C9C729EE82EC000921E7 /* LandmarksAppUITestsLaunchTests.swift in Sources */ = {isa = PBXBuildFile; fileRef = A719C9C629EE82EC000921E7 /* LandmarksAppUITestsLaunchTests.swift */; };
		A719C9D729EE83FC000921E7 /* landmarkData.json in Resources */ = {isa = PBXBuildFile; fileRef = A719C9D629EE83FC000921E7 /* landmarkData.json */; };
		A719C9DA29EE8419000921E7 /* Landmark.swift in Sources */ = {isa = PBXBuildFile; fileRef = A719C9D829EE8419000921E7 /* Landmark.swift */; };
		A719C9DB29EE8419000921E7 /* ModelData.swift in Sources */ = {isa = PBXBuildFile; fileRef = A719C9D929EE8419000921E7 /* ModelData.swift */; };
		A719C9E129EE8437000921E7 /* CircleImage.swift in Sources */ = {isa = PBXBuildFile; fileRef = A719C9DC29EE8437000921E7 /* CircleImage.swift */; };
		A719C9E229EE8437000921E7 /* MapView.swift in Sources */ = {isa = PBXBuildFile; fileRef = A719C9DD29EE8437000921E7 /* MapView.swift */; };
		A719C9E329EE8437000921E7 /* LandmarkList.swift in Sources */ = {isa = PBXBuildFile; fileRef = A719C9DE29EE8437000921E7 /* LandmarkList.swift */; };
		A719C9E429EE8437000921E7 /* ContentView.swift in Sources */ = {isa = PBXBuildFile; fileRef = A719C9DF29EE8437000921E7 /* ContentView.swift */; };
		A719C9E529EE8437000921E7 /* LandmarkRow.swift in Sources */ = {isa = PBXBuildFile; fileRef = A719C9E029EE8437000921E7 /* LandmarkRow.swift */; };
		A719C9E729EE94AD000921E7 /* LandmarkDetail.swift in Sources */ = {isa = PBXBuildFile; fileRef = A719C9E629EE94AD000921E7 /* LandmarkDetail.swift */; };
/* End PBXBuildFile section */

/* Begin PBXContainerItemProxy section */
		A719C9B729EE82EC000921E7 /* PBXContainerItemProxy */ = {
			isa = PBXContainerItemProxy;
			containerPortal = A719C99E29EE82EB000921E7 /* Project object */;
			proxyType = 1;
			remoteGlobalIDString = A719C9A529EE82EB000921E7;
			remoteInfo = LandmarksApp;
		};
		A719C9C129EE82EC000921E7 /* PBXContainerItemProxy */ = {
			isa = PBXContainerItemProxy;
			containerPortal = A719C99E29EE82EB000921E7 /* Project object */;
			proxyType = 1;
			remoteGlobalIDString = A719C9A529EE82EB000921E7;
			remoteInfo = LandmarksApp;
		};
/* End PBXContainerItemProxy section */

/* Begin PBXFileReference section */
		A719C9A629EE82EB000921E7 /* LandmarksApp.app */ = {isa = PBXFileReference; explicitFileType = wrapper.application; includeInIndex = 0; path = LandmarksApp.app; sourceTree = BUILT_PRODUCTS_DIR; };
		A719C9A929EE82EB000921E7 /* LandmarksAppApp.swift */ = {isa = PBXFileReference; lastKnownFileType = sourcecode.swift; path = LandmarksAppApp.swift; sourceTree = "<group>"; };
		A719C9AD29EE82EC000921E7 /* Assets.xcassets */ = {isa = PBXFileReference; lastKnownFileType = folder.assetcatalog; path = Assets.xcassets; sourceTree = "<group>"; };
		A719C9B029EE82EC000921E7 /* Preview Assets.xcassets */ = {isa = PBXFileReference; lastKnownFileType = folder.assetcatalog; path = "Preview Assets.xcassets"; sourceTree = "<group>"; };
		A719C9B629EE82EC000921E7 /* LandmarksAppTests.xctest */ = {isa = PBXFileReference; explicitFileType = wrapper.cfbundle; includeInIndex = 0; path = LandmarksAppTests.xctest; sourceTree = BUILT_PRODUCTS_DIR; };
		A719C9BA29EE82EC000921E7 /* LandmarksAppTests.swift */ = {isa = PBXFileReference; lastKnownFileType = sourcecode.swift; path = LandmarksAppTests.swift; sourceTree = "<group>"; };
		A719C9C029EE82EC000921E7 /* LandmarksAppUITests.xctest */ = {isa = PBXFileReference; explicitFileType = wrapper.cfbundle; includeInIndex = 0; path = LandmarksAppUITests.xctest; sourceTree = BUILT_PRODUCTS_DIR; };
		A719C9C429EE82EC000921E7 /* LandmarksAppUITests.swift */ = {isa = PBXFileReference; lastKnownFileType = sourcecode.swift; path = LandmarksAppUITests.swift; sourceTree = "<group>"; };
		A719C9C629EE82EC000921E7 /* LandmarksAppUITestsLaunchTests.swift */ = {isa = PBXFileReference; lastKnownFileType = sourcecode.swift; path = LandmarksAppUITestsLaunchTests.swift; sourceTree = "<group>"; };
		A719C9D629EE83FC000921E7 /* landmarkData.json */ = {isa = PBXFileReference; fileEncoding = 4; lastKnownFileType = text.json; name = landmarkData.json; path = ../../../IOSdemo1/IOSdemo1/Resources/landmarkData.json; sourceTree = "<group>"; };
		A719C9D829EE8419000921E7 /* Landmark.swift */ = {isa = PBXFileReference; fileEncoding = 4; lastKnownFileType = sourcecode.swift; name = Landmark.swift; path = ../../../IOSdemo1/IOSdemo1/Model/Landmark.swift; sourceTree = "<group>"; };
		A719C9D929EE8419000921E7 /* ModelData.swift */ = {isa = PBXFileReference; fileEncoding = 4; lastKnownFileType = sourcecode.swift; name = ModelData.swift; path = ../../../IOSdemo1/IOSdemo1/Model/ModelData.swift; sourceTree = "<group>"; };
		A719C9DC29EE8437000921E7 /* CircleImage.swift */ = {isa = PBXFileReference; fileEncoding = 4; lastKnownFileType = sourcecode.swift; name = CircleImage.swift; path = ../../../IOSdemo1/IOSdemo1/Views/CircleImage.swift; sourceTree = "<group>"; };
		A719C9DD29EE8437000921E7 /* MapView.swift */ = {isa = PBXFileReference; fileEncoding = 4; lastKnownFileType = sourcecode.swift; name = MapView.swift; path = ../../../IOSdemo1/IOSdemo1/Views/MapView.swift; sourceTree = "<group>"; };
		A719C9DE29EE8437000921E7 /* LandmarkList.swift */ = {isa = PBXFileReference; fileEncoding = 4; lastKnownFileType = sourcecode.swift; name = LandmarkList.swift; path = ../../../IOSdemo1/IOSdemo1/Views/LandmarkList.swift; sourceTree = "<group>"; };
		A719C9DF29EE8437000921E7 /* ContentView.swift */ = {isa = PBXFileReference; fileEncoding = 4; lastKnownFileType = sourcecode.swift; name = ContentView.swift; path = ../../../IOSdemo1/IOSdemo1/Views/ContentView.swift; sourceTree = "<group>"; };
		A719C9E029EE8437000921E7 /* LandmarkRow.swift */ = {isa = PBXFileReference; fileEncoding = 4; lastKnownFileType = sourcecode.swift; name = LandmarkRow.swift; path = ../../../IOSdemo1/IOSdemo1/Views/LandmarkRow.swift; sourceTree = "<group>"; };
		A719C9E629EE94AD000921E7 /* LandmarkDetail.swift */ = {isa = PBXFileReference; lastKnownFileType = sourcecode.swift; path = LandmarkDetail.swift; sourceTree = "<group>"; };
/* End PBXFileReference section */

/* Begin PBXFrameworksBuildPhase section */
		A719C9A329EE82EB000921E7 /* Frameworks */ = {
			isa = PBXFrameworksBuildPhase;
			buildActionMask = 2147483647;
			files = (
			);
			runOnlyForDeploymentPostprocessing = 0;
		};
		A719C9B329EE82EC000921E7 /* Frameworks */ = {
			isa = PBXFrameworksBuildPhase;
			buildActionMask = 2147483647;
			files = (
			);
			runOnlyForDeploymentPostprocessing = 0;
		};
		A719C9BD29EE82EC000921E7 /* Frameworks */ = {
			isa = PBXFrameworksBuildPhase;
			buildActionMask = 2147483647;
			files = (
			);
			runOnlyForDeploymentPostprocessing = 0;
		};
/* End PBXFrameworksBuildPhase section */

/* Begin PBXGroup section */
		A719C99D29EE82EB000921E7 = {
			isa = PBXGroup;
			children = (
				A719C9A829EE82EB000921E7 /* LandmarksApp */,
				A719C9B929EE82EC000921E7 /* LandmarksAppTests */,
				A719C9C329EE82EC000921E7 /* LandmarksAppUITests */,
				A719C9A729EE82EB000921E7 /* Products */,
			);
			sourceTree = "<group>";
		};
		A719C9A729EE82EB000921E7 /* Products */ = {
			isa = PBXGroup;
			children = (
				A719C9A629EE82EB000921E7 /* LandmarksApp.app */,
				A719C9B629EE82EC000921E7 /* LandmarksAppTests.xctest */,
				A719C9C029EE82EC000921E7 /* LandmarksAppUITests.xctest */,
			);
			name = Products;
			sourceTree = "<group>";
		};
		A719C9A829EE82EB000921E7 /* LandmarksApp */ = {
			isa = PBXGroup;
			children = (
				A719C9D529EE83C5000921E7 /* Views */,
				A719C9D429EE83BD000921E7 /* Model */,
				A719C9D329EE83AA000921E7 /* Resources */,
				A719C9A929EE82EB000921E7 /* LandmarksAppApp.swift */,
				A719C9AD29EE82EC000921E7 /* Assets.xcassets */,
				A719C9AF29EE82EC000921E7 /* Preview Content */,
			);
			path = LandmarksApp;
			sourceTree = "<group>";
		};
		A719C9AF29EE82EC000921E7 /* Preview Content */ = {
			isa = PBXGroup;
			children = (
				A719C9B029EE82EC000921E7 /* Preview Assets.xcassets */,
			);
			path = "Preview Content";
			sourceTree = "<group>";
		};
		A719C9B929EE82EC000921E7 /* LandmarksAppTests */ = {
			isa = PBXGroup;
			children = (
				A719C9BA29EE82EC000921E7 /* LandmarksAppTests.swift */,
			);
			path = LandmarksAppTests;
			sourceTree = "<group>";
		};
		A719C9C329EE82EC000921E7 /* LandmarksAppUITests */ = {
			isa = PBXGroup;
			children = (
				A719C9C429EE82EC000921E7 /* LandmarksAppUITests.swift */,
				A719C9C629EE82EC000921E7 /* LandmarksAppUITestsLaunchTests.swift */,
			);
			path = LandmarksAppUITests;
			sourceTree = "<group>";
		};
		A719C9D329EE83AA000921E7 /* Resources */ = {
			isa = PBXGroup;
			children = (
				A719C9D629EE83FC000921E7 /* landmarkData.json */,
			);
			path = Resources;
			sourceTree = "<group>";
		};
		A719C9D429EE83BD000921E7 /* Model */ = {
			isa = PBXGroup;
			children = (
				A719C9D829EE8419000921E7 /* Landmark.swift */,
				A719C9D929EE8419000921E7 /* ModelData.swift */,
			);
			path = Model;
			sourceTree = "<group>";
		};
		A719C9D529EE83C5000921E7 /* Views */ = {
			isa = PBXGroup;
			children = (
				A719C9DC29EE8437000921E7 /* CircleImage.swift */,
				A719C9DF29EE8437000921E7 /* ContentView.swift */,
				A719C9DE29EE8437000921E7 /* LandmarkList.swift */,
				A719C9E029EE8437000921E7 /* LandmarkRow.swift */,
				A719C9DD29EE8437000921E7 /* MapView.swift */,
				A719C9E629EE94AD000921E7 /* LandmarkDetail.swift */,
			);
			path = Views;
			sourceTree = "<group>";
		};
/* End PBXGroup section */

/* Begin PBXNativeTarget section */
		A719C9A529EE82EB000921E7 /* LandmarksApp */ = {
			isa = PBXNativeTarget;
			buildConfigurationList = A719C9CA29EE82EC000921E7 /* Build configuration list for PBXNativeTarget "LandmarksApp" */;
			buildPhases = (
				A719C9A229EE82EB000921E7 /* Sources */,
				A719C9A329EE82EB000921E7 /* Frameworks */,
				A719C9A429EE82EB000921E7 /* Resources */,
			);
			buildRules = (
			);
			dependencies = (
			);
			name = LandmarksApp;
			productName = LandmarksApp;
			productReference = A719C9A629EE82EB000921E7 /* LandmarksApp.app */;
			productType = "com.apple.product-type.application";
		};
		A719C9B529EE82EC000921E7 /* LandmarksAppTests */ = {
			isa = PBXNativeTarget;
			buildConfigurationList = A719C9CD29EE82EC000921E7 /* Build configuration list for PBXNativeTarget "LandmarksAppTests" */;
			buildPhases = (
				A719C9B229EE82EC000921E7 /* Sources */,
				A719C9B329EE82EC000921E7 /* Frameworks */,
				A719C9B429EE82EC000921E7 /* Resources */,
			);
			buildRules = (
			);
			dependencies = (
				A719C9B829EE82EC000921E7 /* PBXTargetDependency */,
			);
			name = LandmarksAppTests;
			productName = LandmarksAppTests;
			productReference = A719C9B629EE82EC000921E7 /* LandmarksAppTests.xctest */;
			productType = "com.apple.product-type.bundle.unit-test";
		};
		A719C9BF29EE82EC000921E7 /* LandmarksAppUITests */ = {
			isa = PBXNativeTarget;
			buildConfigurationList = A719C9D029EE82EC000921E7 /* Build configuration list for PBXNativeTarget "LandmarksAppUITests" */;
			buildPhases = (
				A719C9BC29EE82EC000921E7 /* Sources */,
				A719C9BD29EE82EC000921E7 /* Frameworks */,
				A719C9BE29EE82EC000921E7 /* Resources */,
			);
			buildRules = (
			);
			dependencies = (
				A719C9C229EE82EC000921E7 /* PBXTargetDependency */,
			);
			name = LandmarksAppUITests;
			productName = LandmarksAppUITests;
			productReference = A719C9C029EE82EC000921E7 /* LandmarksAppUITests.xctest */;
			productType = "com.apple.product-type.bundle.ui-testing";
		};
/* End PBXNativeTarget section */

/* Begin PBXProject section */
		A719C99E29EE82EB000921E7 /* Project object */ = {
			isa = PBXProject;
			attributes = {
				BuildIndependentTargetsInParallel = 1;
				LastSwiftUpdateCheck = 1400;
				LastUpgradeCheck = 1400;
				TargetAttributes = {
					A719C9A529EE82EB000921E7 = {
						CreatedOnToolsVersion = 14.0.1;
					};
					A719C9B529EE82EC000921E7 = {
						CreatedOnToolsVersion = 14.0.1;
						TestTargetID = A719C9A529EE82EB000921E7;
					};
					A719C9BF29EE82EC000921E7 = {
						CreatedOnToolsVersion = 14.0.1;
						TestTargetID = A719C9A529EE82EB000921E7;
					};
				};
			};
			buildConfigurationList = A719C9A129EE82EB000921E7 /* Build configuration list for PBXProject "LandmarksApp" */;
			compatibilityVersion = "Xcode 14.0";
			developmentRegion = en;
			hasScannedForEncodings = 0;
			knownRegions = (
				en,
				Base,
			);
			mainGroup = A719C99D29EE82EB000921E7;
			productRefGroup = A719C9A729EE82EB000921E7 /* Products */;
			projectDirPath = "";
			projectRoot = "";
			targets = (
				A719C9A529EE82EB000921E7 /* LandmarksApp */,
				A719C9B529EE82EC000921E7 /* LandmarksAppTests */,
				A719C9BF29EE82EC000921E7 /* LandmarksAppUITests */,
			);
		};
/* End PBXProject section */

/* Begin PBXResourcesBuildPhase section */
		A719C9A429EE82EB000921E7 /* Resources */ = {
			isa = PBXResourcesBuildPhase;
			buildActionMask = 2147483647;
			files = (
				A719C9B129EE82EC000921E7 /* Preview Assets.xcassets in Resources */,
				A719C9AE29EE82EC000921E7 /* Assets.xcassets in Resources */,
				A719C9D729EE83FC000921E7 /* landmarkData.json in Resources */,
			);
			runOnlyForDeploymentPostprocessing = 0;
		};
		A719C9B429EE82EC000921E7 /* Resources */ = {
			isa = PBXResourcesBuildPhase;
			buildActionMask = 2147483647;
			files = (
			);
			runOnlyForDeploymentPostprocessing = 0;
		};
		A719C9BE29EE82EC000921E7 /* Resources */ = {
			isa = PBXResourcesBuildPhase;
			buildActionMask = 2147483647;
			files = (
			);
			runOnlyForDeploymentPostprocessing = 0;
		};
/* End PBXResourcesBuildPhase section */

/* Begin PBXSourcesBuildPhase section */
		A719C9A229EE82EB000921E7 /* Sources */ = {
			isa = PBXSourcesBuildPhase;
			buildActionMask = 2147483647;
			files = (
				A719C9E229EE8437000921E7 /* MapView.swift in Sources */,
				A719C9E429EE8437000921E7 /* ContentView.swift in Sources */,
				A719C9DB29EE8419000921E7 /* ModelData.swift in Sources */,
				A719C9E329EE8437000921E7 /* LandmarkList.swift in Sources */,
				A719C9E729EE94AD000921E7 /* LandmarkDetail.swift in Sources */,
				A719C9AA29EE82EB000921E7 /* LandmarksAppApp.swift in Sources */,
				A719C9DA29EE8419000921E7 /* Landmark.swift in Sources */,
				A719C9E129EE8437000921E7 /* CircleImage.swift in Sources */,
				A719C9E529EE8437000921E7 /* LandmarkRow.swift in Sources */,
			);
			runOnlyForDeploymentPostprocessing = 0;
		};
		A719C9B229EE82EC000921E7 /* Sources */ = {
			isa = PBXSourcesBuildPhase;
			buildActionMask = 2147483647;
			files = (
				A719C9BB29EE82EC000921E7 /* LandmarksAppTests.swift in Sources */,
			);
			runOnlyForDeploymentPostprocessing = 0;
		};
		A719C9BC29EE82EC000921E7 /* Sources */ = {
			isa = PBXSourcesBuildPhase;
			buildActionMask = 2147483647;
			files = (
				A719C9C729EE82EC000921E7 /* LandmarksAppUITestsLaunchTests.swift in Sources */,
				A719C9C529EE82EC000921E7 /* LandmarksAppUITests.swift in Sources */,
			);
			runOnlyForDeploymentPostprocessing = 0;
		};
/* End PBXSourcesBuildPhase section */

/* Begin PBXTargetDependency section */
		A719C9B829EE82EC000921E7 /* PBXTargetDependency */ = {
			isa = PBXTargetDependency;
			target = A719C9A529EE82EB000921E7 /* LandmarksApp */;
			targetProxy = A719C9B729EE82EC000921E7 /* PBXContainerItemProxy */;
		};
		A719C9C229EE82EC000921E7 /* PBXTargetDependency */ = {
			isa = PBXTargetDependency;
			target = A719C9A529EE82EB000921E7 /* LandmarksApp */;
			targetProxy = A719C9C129EE82EC000921E7 /* PBXContainerItemProxy */;
		};
/* End PBXTargetDependency section */

/* Begin XCBuildConfiguration section */
		A719C9C829EE82EC000921E7 /* Debug */ = {
			isa = XCBuildConfiguration;
			buildSettings = {
				ALWAYS_SEARCH_USER_PATHS = NO;
				CLANG_ANALYZER_NONNULL = YES;
				CLANG_ANALYZER_NUMBER_OBJECT_CONVERSION = YES_AGGRESSIVE;
				CLANG_CXX_LANGUAGE_STANDARD = "gnu++20";
				CLANG_ENABLE_MODULES = YES;
				CLANG_ENABLE_OBJC_ARC = YES;
				CLANG_ENABLE_OBJC_WEAK = YES;
				CLANG_WARN_BLOCK_CAPTURE_AUTORELEASING = YES;
				CLANG_WARN_BOOL_CONVERSION = YES;
				CLANG_WARN_COMMA = YES;
				CLANG_WARN_CONSTANT_CONVERSION = YES;
				CLANG_WARN_DEPRECATED_OBJC_IMPLEMENTATIONS = YES;
				CLANG_WARN_DIRECT_OBJC_ISA_USAGE = YES_ERROR;
				CLANG_WARN_DOCUMENTATION_COMMENTS = YES;
				CLANG_WARN_EMPTY_BODY = YES;
				CLANG_WARN_ENUM_CONVERSION = YES;
				CLANG_WARN_INFINITE_RECURSION = YES;
				CLANG_WARN_INT_CONVERSION = YES;
				CLANG_WARN_NON_LITERAL_NULL_CONVERSION = YES;
				CLANG_WARN_OBJC_IMPLICIT_RETAIN_SELF = YES;
				CLANG_WARN_OBJC_LITERAL_CONVERSION = YES;
				CLANG_WARN_OBJC_ROOT_CLASS = YES_ERROR;
				CLANG_WARN_QUOTED_INCLUDE_IN_FRAMEWORK_HEADER = YES;
				CLANG_WARN_RANGE_LOOP_ANALYSIS = YES;
				CLANG_WARN_STRICT_PROTOTYPES = YES;
				CLANG_WARN_SUSPICIOUS_MOVE = YES;
				CLANG_WARN_UNGUARDED_AVAILABILITY = YES_AGGRESSIVE;
				CLANG_WARN_UNREACHABLE_CODE = YES;
				CLANG_WARN__DUPLICATE_METHOD_MATCH = YES;
				COPY_PHASE_STRIP = NO;
				DEBUG_INFORMATION_FORMAT = dwarf;
				ENABLE_STRICT_OBJC_MSGSEND = YES;
				ENABLE_TESTABILITY = YES;
				GCC_C_LANGUAGE_STANDARD = gnu11;
				GCC_DYNAMIC_NO_PIC = NO;
				GCC_NO_COMMON_BLOCKS = YES;
				GCC_OPTIMIZATION_LEVEL = 0;
				GCC_PREPROCESSOR_DEFINITIONS = (
					"DEBUG=1",
					"$(inherited)",
				);
				GCC_WARN_64_TO_32_BIT_CONVERSION = YES;
				GCC_WARN_ABOUT_RETURN_TYPE = YES_ERROR;
				GCC_WARN_UNDECLARED_SELECTOR = YES;
				GCC_WARN_UNINITIALIZED_AUTOS = YES_AGGRESSIVE;
				GCC_WARN_UNUSED_FUNCTION = YES;
				GCC_WARN_UNUSED_VARIABLE = YES;
				IPHONEOS_DEPLOYMENT_TARGET = 16.0;
				MTL_ENABLE_DEBUG_INFO = INCLUDE_SOURCE;
				MTL_FAST_MATH = YES;
				ONLY_ACTIVE_ARCH = YES;
				SDKROOT = iphoneos;
				SWIFT_ACTIVE_COMPILATION_CONDITIONS = DEBUG;
				SWIFT_OPTIMIZATION_LEVEL = "-Onone";
			};
			name = Debug;
		};
		A719C9C929EE82EC000921E7 /* Release */ = {
			isa = XCBuildConfiguration;
			buildSettings = {
				ALWAYS_SEARCH_USER_PATHS = NO;
				CLANG_ANALYZER_NONNULL = YES;
				CLANG_ANALYZER_NUMBER_OBJECT_CONVERSION = YES_AGGRESSIVE;
				CLANG_CXX_LANGUAGE_STANDARD = "gnu++20";
				CLANG_ENABLE_MODULES = YES;
				CLANG_ENABLE_OBJC_ARC = YES;
				CLANG_ENABLE_OBJC_WEAK = YES;
				CLANG_WARN_BLOCK_CAPTURE_AUTORELEASING = YES;
				CLANG_WARN_BOOL_CONVERSION = YES;
				CLANG_WARN_COMMA = YES;
				CLANG_WARN_CONSTANT_CONVERSION = YES;
				CLANG_WARN_DEPRECATED_OBJC_IMPLEMENTATIONS = YES;
				CLANG_WARN_DIRECT_OBJC_ISA_USAGE = YES_ERROR;
				CLANG_WARN_DOCUMENTATION_COMMENTS = YES;
				CLANG_WARN_EMPTY_BODY = YES;
				CLANG_WARN_ENUM_CONVERSION = YES;
				CLANG_WARN_INFINITE_RECURSION = YES;
				CLANG_WARN_INT_CONVERSION = YES;
				CLANG_WARN_NON_LITERAL_NULL_CONVERSION = YES;
				CLANG_WARN_OBJC_IMPLICIT_RETAIN_SELF = YES;
				CLANG_WARN_OBJC_LITERAL_CONVERSION = YES;
				CLANG_WARN_OBJC_ROOT_CLASS = YES_ERROR;
				CLANG_WARN_QUOTED_INCLUDE_IN_FRAMEWORK_HEADER = YES;
				CLANG_WARN_RANGE_LOOP_ANALYSIS = YES;
				CLANG_WARN_STRICT_PROTOTYPES = YES;
				CLANG_WARN_SUSPICIOUS_MOVE = YES;
				CLANG_WARN_UNGUARDED_AVAILABILITY = YES_AGGRESSIVE;
				CLANG_WARN_UNREACHABLE_CODE = YES;
				CLANG_WARN__DUPLICATE_METHOD_MATCH = YES;
				COPY_PHASE_STRIP = NO;
				DEBUG_INFORMATION_FORMAT = "dwarf-with-dsym";
				ENABLE_NS_ASSERTIONS = NO;
				ENABLE_STRICT_OBJC_MSGSEND = YES;
				GCC_C_LANGUAGE_STANDARD = gnu11;
				GCC_NO_COMMON_BLOCKS = YES;
				GCC_WARN_64_TO_32_BIT_CONVERSION = YES;
				GCC_WARN_ABOUT_RETURN_TYPE = YES_ERROR;
				GCC_WARN_UNDECLARED_SELECTOR = YES;
				GCC_WARN_UNINITIALIZED_AUTOS = YES_AGGRESSIVE;
				GCC_WARN_UNUSED_FUNCTION = YES;
				GCC_WARN_UNUSED_VARIABLE = YES;
				IPHONEOS_DEPLOYMENT_TARGET = 16.0;
				MTL_ENABLE_DEBUG_INFO = NO;
				MTL_FAST_MATH = YES;
				SDKROOT = iphoneos;
				SWIFT_COMPILATION_MODE = wholemodule;
				SWIFT_OPTIMIZATION_LEVEL = "-O";
				VALIDATE_PRODUCT = YES;
			};
			name = Release;
		};
		A719C9CB29EE82EC000921E7 /* Debug */ = {
			isa = XCBuildConfiguration;
			buildSettings = {
				ASSETCATALOG_COMPILER_APPICON_NAME = AppIcon;
				ASSETCATALOG_COMPILER_GLOBAL_ACCENT_COLOR_NAME = AccentColor;
				CODE_SIGN_STYLE = Automatic;
				CURRENT_PROJECT_VERSION = 1;
				DEVELOPMENT_ASSET_PATHS = "\"LandmarksApp/Preview Content\"";
				DEVELOPMENT_TEAM = 6Y338K7PTJ;
				ENABLE_PREVIEWS = YES;
				GENERATE_INFOPLIST_FILE = YES;
				INFOPLIST_KEY_UIApplicationSceneManifest_Generation = YES;
				INFOPLIST_KEY_UIApplicationSupportsIndirectInputEvents = YES;
				INFOPLIST_KEY_UILaunchScreen_Generation = YES;
				INFOPLIST_KEY_UISupportedInterfaceOrientations_iPad = "UIInterfaceOrientationPortrait UIInterfaceOrientationPortraitUpsideDown UIInterfaceOrientationLandscapeLeft UIInterfaceOrientationLandscapeRight";
				INFOPLIST_KEY_UISupportedInterfaceOrientations_iPhone = "UIInterfaceOrientationPortrait UIInterfaceOrientationLandscapeLeft UIInterfaceOrientationLandscapeRight";
				IPHONEOS_DEPLOYMENT_TARGET = 15.2;
				LD_RUNPATH_SEARCH_PATHS = (
					"$(inherited)",
					"@executable_path/Frameworks",
				);
				MARKETING_VERSION = 1.0;
				PRODUCT_BUNDLE_IDENTIFIER = com.tranthien.LandmarksApp;
				PRODUCT_NAME = "$(TARGET_NAME)";
				SWIFT_EMIT_LOC_STRINGS = YES;
				SWIFT_VERSION = 5.0;
				TARGETED_DEVICE_FAMILY = "1,2";
			};
			name = Debug;
		};
		A719C9CC29EE82EC000921E7 /* Release */ = {
			isa = XCBuildConfiguration;
			buildSettings = {
				ASSETCATALOG_COMPILER_APPICON_NAME = AppIcon;
				ASSETCATALOG_COMPILER_GLOBAL_ACCENT_COLOR_NAME = AccentColor;
				CODE_SIGN_STYLE = Automatic;
				CURRENT_PROJECT_VERSION = 1;
				DEVELOPMENT_ASSET_PATHS = "\"LandmarksApp/Preview Content\"";
				DEVELOPMENT_TEAM = 6Y338K7PTJ;
				ENABLE_PREVIEWS = YES;
				GENERATE_INFOPLIST_FILE = YES;
				INFOPLIST_KEY_UIApplicationSceneManifest_Generation = YES;
				INFOPLIST_KEY_UIApplicationSupportsIndirectInputEvents = YES;
				INFOPLIST_KEY_UILaunchScreen_Generation = YES;
				INFOPLIST_KEY_UISupportedInterfaceOrientations_iPad = "UIInterfaceOrientationPortrait UIInterfaceOrientationPortraitUpsideDown UIInterfaceOrientationLandscapeLeft UIInterfaceOrientationLandscapeRight";
				INFOPLIST_KEY_UISupportedInterfaceOrientations_iPhone = "UIInterfaceOrientationPortrait UIInterfaceOrientationLandscapeLeft UIInterfaceOrientationLandscapeRight";
				IPHONEOS_DEPLOYMENT_TARGET = 15.2;
				LD_RUNPATH_SEARCH_PATHS = (
					"$(inherited)",
					"@executable_path/Frameworks",
				);
				MARKETING_VERSION = 1.0;
				PRODUCT_BUNDLE_IDENTIFIER = com.tranthien.LandmarksApp;
				PRODUCT_NAME = "$(TARGET_NAME)";
				SWIFT_EMIT_LOC_STRINGS = YES;
				SWIFT_VERSION = 5.0;
				TARGETED_DEVICE_FAMILY = "1,2";
			};
			name = Release;
		};
		A719C9CE29EE82EC000921E7 /* Debug */ = {
			isa = XCBuildConfiguration;
			buildSettings = {
				ALWAYS_EMBED_SWIFT_STANDARD_LIBRARIES = YES;
				BUNDLE_LOADER = "$(TEST_HOST)";
				CODE_SIGN_STYLE = Automatic;
				CURRENT_PROJECT_VERSION = 1;
				DEVELOPMENT_TEAM = 6Y338K7PTJ;
				GENERATE_INFOPLIST_FILE = YES;
				IPHONEOS_DEPLOYMENT_TARGET = 16.0;
				MARKETING_VERSION = 1.0;
				PRODUCT_BUNDLE_IDENTIFIER = com.tranthien.LandmarksAppTests;
				PRODUCT_NAME = "$(TARGET_NAME)";
				SWIFT_EMIT_LOC_STRINGS = NO;
				SWIFT_VERSION = 5.0;
				TARGETED_DEVICE_FAMILY = "1,2";
				TEST_HOST = "$(BUILT_PRODUCTS_DIR)/LandmarksApp.app/$(BUNDLE_EXECUTABLE_FOLDER_PATH)/LandmarksApp";
			};
			name = Debug;
		};
		A719C9CF29EE82EC000921E7 /* Release */ = {
			isa = XCBuildConfiguration;
			buildSettings = {
				ALWAYS_EMBED_SWIFT_STANDARD_LIBRARIES = YES;
				BUNDLE_LOADER = "$(TEST_HOST)";
				CODE_SIGN_STYLE = Automatic;
				CURRENT_PROJECT_VERSION = 1;
				DEVELOPMENT_TEAM = 6Y338K7PTJ;
				GENERATE_INFOPLIST_FILE = YES;
				IPHONEOS_DEPLOYMENT_TARGET = 16.0;
				MARKETING_VERSION = 1.0;
				PRODUCT_BUNDLE_IDENTIFIER = com.tranthien.LandmarksAppTests;
				PRODUCT_NAME = "$(TARGET_NAME)";
				SWIFT_EMIT_LOC_STRINGS = NO;
				SWIFT_VERSION = 5.0;
				TARGETED_DEVICE_FAMILY = "1,2";
				TEST_HOST = "$(BUILT_PRODUCTS_DIR)/LandmarksApp.app/$(BUNDLE_EXECUTABLE_FOLDER_PATH)/LandmarksApp";
			};
			name = Release;
		};
		A719C9D129EE82EC000921E7 /* Debug */ = {
			isa = XCBuildConfiguration;
			buildSettings = {
				ALWAYS_EMBED_SWIFT_STANDARD_LIBRARIES = YES;
				CODE_SIGN_STYLE = Automatic;
				CURRENT_PROJECT_VERSION = 1;
				DEVELOPMENT_TEAM = 6Y338K7PTJ;
				GENERATE_INFOPLIST_FILE = YES;
				MARKETING_VERSION = 1.0;
				PRODUCT_BUNDLE_IDENTIFIER = com.tranthien.LandmarksAppUITests;
				PRODUCT_NAME = "$(TARGET_NAME)";
				SWIFT_EMIT_LOC_STRINGS = NO;
				SWIFT_VERSION = 5.0;
				TARGETED_DEVICE_FAMILY = "1,2";
				TEST_TARGET_NAME = LandmarksApp;
			};
			name = Debug;
		};
		A719C9D229EE82EC000921E7 /* Release */ = {
			isa = XCBuildConfiguration;
			buildSettings = {
				ALWAYS_EMBED_SWIFT_STANDARD_LIBRARIES = YES;
				CODE_SIGN_STYLE = Automatic;
				CURRENT_PROJECT_VERSION = 1;
				DEVELOPMENT_TEAM = 6Y338K7PTJ;
				GENERATE_INFOPLIST_FILE = YES;
				MARKETING_VERSION = 1.0;
				PRODUCT_BUNDLE_IDENTIFIER = com.tranthien.LandmarksAppUITests;
				PRODUCT_NAME = "$(TARGET_NAME)";
				SWIFT_EMIT_LOC_STRINGS = NO;
				SWIFT_VERSION = 5.0;
				TARGETED_DEVICE_FAMILY = "1,2";
				TEST_TARGET_NAME = LandmarksApp;
			};
			name = Release;
		};
/* End XCBuildConfiguration section */

/* Begin XCConfigurationList section */
		A719C9A129EE82EB000921E7 /* Build configuration list for PBXProject "LandmarksApp" */ = {
			isa = XCConfigurationList;
			buildConfigurations = (
				A719C9C829EE82EC000921E7 /* Debug */,
				A719C9C929EE82EC000921E7 /* Release */,
			);
			defaultConfigurationIsVisible = 0;
			defaultConfigurationName = Release;
		};
		A719C9CA29EE82EC000921E7 /* Build configuration list for PBXNativeTarget "LandmarksApp" */ = {
			isa = XCConfigurationList;
			buildConfigurations = (
				A719C9CB29EE82EC000921E7 /* Debug */,
				A719C9CC29EE82EC000921E7 /* Release */,
			);
			defaultConfigurationIsVisible = 0;
			defaultConfigurationName = Release;
		};
		A719C9CD29EE82EC000921E7 /* Build configuration list for PBXNativeTarget "LandmarksAppTests" */ = {
			isa = XCConfigurationList;
			buildConfigurations = (
				A719C9CE29EE82EC000921E7 /* Debug */,
				A719C9CF29EE82EC000921E7 /* Release */,
			);
			defaultConfigurationIsVisible = 0;
			defaultConfigurationName = Release;
		};
		A719C9D029EE82EC000921E7 /* Build configuration list for PBXNativeTarget "LandmarksAppUITests" */ = {
			isa = XCConfigurationList;
			buildConfigurations = (
				A719C9D129EE82EC000921E7 /* Debug */,
				A719C9D229EE82EC000921E7 /* Release */,
			);
			defaultConfigurationIsVisible = 0;
			defaultConfigurationName = Release;
		};
/* End XCConfigurationList section */
	};
	rootObject = A719C99E29EE82EB000921E7 /* Project object */;
}
